
Microsoft Visual Studio Solution File, Format Version 12.00
# Visual Studio Version 16
VisualStudioVersion = 16.0.34407.143
MinimumVisualStudioVersion = 10.0.40219.1
Project("{FAE04EC0-301F-11D3-BF4B-00C04F79EFBC}") = "ThailandpostTracking", "ThailandpostTracking.csproj", "{4137046F-A501-4F97-9B2F-F0329125BD2E}"
EndProject
Global
	GlobalSection(SolutionConfigurationPlatforms) = preSolution
		Debug|Any CPU = Debug|Any CPU
		Release|Any CPU = Release|Any CPU
	EndGlobalSection
	GlobalSection(ProjectConfigurationPlatforms) = postSolution
		{4137046F-A501-4F97-9B2F-F0329125BD2E}.Debug|Any CPU.ActiveCfg = Debug|Any CPU
		{4137046F-A501-4F97-9B2F-F0329125BD2E}.Debug|Any CPU.Build.0 = Debug|Any CPU
		{4137046F-A501-4F97-9B2F-F0329125BD2E}.Release|Any CPU.ActiveCfg = Release|Any CPU
		{4137046F-A501-4F97-9B2F-F0329125BD2E}.Release|Any CPU.Build.0 = Release|Any CPU
	EndGlobalSection
	GlobalSection(SolutionProperties) = preSolution
		HideSolutionNode = FALSE
	EndGlobalSection
	GlobalSection(ExtensibilityGlobals) = postSolution
		SolutionGuid = {1C3E3E64-281D-48F7-A94D-3432FEA5AF06}
	EndGlobalSection
EndGlobal
